<?xml version="1.0" encoding="utf-8"?>
<Project ToolsVersion="4.0" xmlns="http://schemas.microsoft.com/developer/msbuild/2003">
  <ItemGroup>
    <Filter Include="源文件">
      <UniqueIdentifier>{4FC737F1-C7A5-4376-A066-2A32D752A2FF}</UniqueIdentifier>
      <Extensions>cpp;c;cc;cxx;def;odl;idl;hpj;bat;asm;asmx</Extensions>
    </Filter>
    <Filter Include="头文件">
      <UniqueIdentifier>{93995380-89BD-4b04-88EB-625FBE52EBFB}</UniqueIdentifier>
      <Extensions>h;hh;hpp;hxx;hm;inl;inc;xsd</Extensions>
    </Filter>
    <Filter Include="资源文件">
      <UniqueIdentifier>{67DA6AB6-F800-4c08-8B7A-83BB121AAD01}</UniqueIdentifier>
      <Extensions>rc;ico;cur;bmp;dlg;rc2;rct;bin;rgs;gif;jpg;jpeg;jpe;resx;tiff;tif;png;wav;mfcribbon-ms</Extensions>
    </Filter>
    <Filter Include="base">
      <UniqueIdentifier>{e610a4dc-17c3-4052-b582-d5e718b48bad}</UniqueIdentifier>
    </Filter>
    <Filter Include="Control">
      <UniqueIdentifier>{53a16157-4a15-4294-bf2a-d3090cda5662}</UniqueIdentifier>
    </Filter>
    <Filter Include="OLE">
      <UniqueIdentifier>{c9e8134b-8d90-4393-934d-f82d5c931f31}</UniqueIdentifier>
    </Filter>
  </ItemGroup>
  <ItemGroup>
    <Text Include="ReadMe.txt" />
  </ItemGroup>
  <ItemGroup>
    <ClInclude Include="stdafx.h">
      <Filter>头文件</Filter>
    </ClInclude>
    <ClInclude Include="targetver.h">
      <Filter>头文件</Filter>
    </ClInclude>
    <ClInclude Include="Resource.h">
      <Filter>头文件</Filter>
    </ClInclude>
    <ClInclude Include="Win32Project2.h">
      <Filter>头文件</Filter>
    </ClInclude>
    <ClInclude Include="base\function.h">
      <Filter>base</Filter>
    </ClInclude>
    <ClInclude Include="base\SplitString.h">
      <Filter>base</Filter>
    </ClInclude>
    <ClInclude Include="base\Tree.h">
      <Filter>base</Filter>
    </ClInclude>
    <ClInclude Include="base\FileSystem.h">
      <Filter>base</Filter>
    </ClInclude>
    <ClInclude Include="global.h">
      <Filter>头文件</Filter>
    </ClInclude>
    <ClInclude Include="Control\TreeViewControl.h">
      <Filter>Control</Filter>
    </ClInclude>
    <ClInclude Include="Control\ScrollPanelControl.h">
      <Filter>Control</Filter>
    </ClInclude>
    <ClInclude Include="Control\ButtonControl.h">
      <Filter>Control</Filter>
    </ClInclude>
    <ClInclude Include="Control\LabelControl.h">
      <Filter>Control</Filter>
    </ClInclude>
    <ClInclude Include="Control\ControlBase.h">
      <Filter>Control</Filter>
    </ClInclude>
    <ClInclude Include="OLE\OLEDragDrop.h">
      <Filter>OLE</Filter>
    </ClInclude>
    <ClInclude Include="base\Transcoder.h">
      <Filter>base</Filter>
    </ClInclude>
  </ItemGroup>
  <ItemGroup>
    <ClCompile Include="stdafx.cpp">
      <Filter>源文件</Filter>
    </ClCompile>
    <ClCompile Include="Win32Project2.cpp">
      <Filter>源文件</Filter>
    </ClCompile>
    <ClCompile Include="global.cpp">
      <Filter>源文件</Filter>
    </ClCompile>
    <ClCompile Include="base\FileSystem.cpp">
      <Filter>base</Filter>
    </ClCompile>
    <ClCompile Include="Control\TreeViewControl.cpp">
      <Filter>Control</Filter>
    </ClCompile>
    <ClCompile Include="Control\ScrollPanelControl.cpp">
      <Filter>Control</Filter>
    </ClCompile>
    <ClCompile Include="Control\ButtonControl.cpp">
      <Filter>Control</Filter>
    </ClCompile>
    <ClCompile Include="Control\LabelControl.cpp">
      <Filter>Control</Filter>
    </ClCompile>
    <ClCompile Include="Control\ControlBase.cpp">
      <Filter>Control</Filter>
    </ClCompile>
    <ClCompile Include="base\function.cpp">
      <Filter>base</Filter>
    </ClCompile>
    <ClCompile Include="OLE\OLEDragDrop.cpp">
      <Filter>OLE</Filter>
    </ClCompile>
    <ClCompile Include="base\Transcoder.cpp">
      <Filter>base</Filter>
    </ClCompile>
  </ItemGroup>
  <ItemGroup>
    <ResourceCompile Include="Win32Project2.rc">
      <Filter>资源文件</Filter>
    </ResourceCompile>
  </ItemGroup>
  <ItemGroup>
    <Image Include="small.ico">
      <Filter>资源文件</Filter>
    </Image>
    <Image Include="Win32Project2.ico">
      <Filter>资源文件</Filter>
    </Image>
  </ItemGroup>
</Project>